# THIS IS AN AUTOGENERATED FILE. DO NOT EDIT THIS FILE DIRECTLY.
# yarn lockfile v1


"@excalidraw/excalidraw@^0.17.6":
  version "0.17.6"
  resolved "https://registry.yarnpkg.com/@excalidraw/excalidraw/-/excalidraw-0.17.6.tgz#5fd208ce69d33ca712d1804b50d7d06d5c46ac4d"
  integrity sha512-fyCl+zG/Z5yhHDh5Fq2ZGmphcrALmuOdtITm8gN4d8w4ntnaopTXcTfnAAaU3VleDC6LhTkoLOTG6P5kgREiIg==
